
Microsoft Visual Studio Solution File, Format Version 12.00
# Visual Studio Version 17
VisualStudioVersion = 17.0.31903.59
MinimumVisualStudioVersion = 10.0.40219.1
Project("{9A19103F-16F7-4668-BE54-9A1E7A4F7556}") = "ShapeFitting", "ShapeFitting\ShapeFitting.csproj", "{22613731-5DDC-4EF7-B60B-3F217C6B7035}"
EndProject
Project("{9A19103F-16F7-4668-BE54-9A1E7A4F7556}") = "ShapeFittingTest", "ShapeFittingTest\ShapeFittingTest.csproj", "{8B7BAFBB-2073-462D-B44E-B280F937A801}"
	ProjectSection(ProjectDependencies) = postProject
		{22613731-5DDC-4EF7-B60B-3F217C6B7035} = {22613731-5DDC-4EF7-B60B-3F217C6B7035}
	EndProjectSection
EndProject
Project("{2150E333-8FDC-42A3-9474-1A3956D46DE8}") = "Solution Items", "Solution Items", "{0211DD41-0938-4BC1-BA21-261315195536}"
	ProjectSection(SolutionItems) = preProject
		.editorconfig = .editorconfig
	EndProjectSection
EndProject
Global
	GlobalSection(SolutionConfigurationPlatforms) = preSolution
		Debug|Any CPU = Debug|Any CPU
		Release|Any CPU = Release|Any CPU
	EndGlobalSection
	GlobalSection(ProjectConfigurationPlatforms) = postSolution
		{22613731-5DDC-4EF7-B60B-3F217C6B7035}.Debug|Any CPU.ActiveCfg = Debug|Any CPU
		{22613731-5DDC-4EF7-B60B-3F217C6B7035}.Debug|Any CPU.Build.0 = Debug|Any CPU
		{22613731-5DDC-4EF7-B60B-3F217C6B7035}.Release|Any CPU.ActiveCfg = Release|Any CPU
		{22613731-5DDC-4EF7-B60B-3F217C6B7035}.Release|Any CPU.Build.0 = Release|Any CPU
		{8B7BAFBB-2073-462D-B44E-B280F937A801}.Debug|Any CPU.ActiveCfg = Debug|Any CPU
		{8B7BAFBB-2073-462D-B44E-B280F937A801}.Debug|Any CPU.Build.0 = Debug|Any CPU
		{8B7BAFBB-2073-462D-B44E-B280F937A801}.Release|Any CPU.ActiveCfg = Release|Any CPU
		{8B7BAFBB-2073-462D-B44E-B280F937A801}.Release|Any CPU.Build.0 = Release|Any CPU
	EndGlobalSection
	GlobalSection(SolutionProperties) = preSolution
		HideSolutionNode = FALSE
	EndGlobalSection
	GlobalSection(ExtensibilityGlobals) = postSolution
		SolutionGuid = {5AE6DC0E-56C2-4A1F-B42C-EBC66B67AB09}
	EndGlobalSection
EndGlobal
